// !$*UTF8*$!
{
	archiveVersion = 1;
	classes = {
	};
	objectVersion = 46;
	objects = {

/* Begin PBXBuildFile section */
		0ADF3AF91E0A586500AE29FE /* main.m in Sources */ = {isa = PBXBuildFile; fileRef = 0ADF3AF81E0A586500AE29FE /* main.m */; };
		0ADF3AFC1E0A586500AE29FE /* AppDelegate.m in Sources */ = {isa = PBXBuildFile; fileRef = 0ADF3AFB1E0A586500AE29FE /* AppDelegate.m */; };
		0ADF3AFF1E0A586500AE29FE /* ViewController.m in Sources */ = {isa = PBXBuildFile; fileRef = 0ADF3AFE1E0A586500AE29FE /* ViewController.m */; };
		0ADF3B021E0A586500AE29FE /* Main.storyboard in Resources */ = {isa = PBXBuildFile; fileRef = 0ADF3B001E0A586500AE29FE /* Main.storyboard */; };
		0ADF3B041E0A586500AE29FE /* Assets.xcassets in Resources */ = {isa = PBXBuildFile; fileRef = 0ADF3B031E0A586500AE29FE /* Assets.xcassets */; };
		0ADF3B071E0A586500AE29FE /* LaunchScreen.storyboard in Resources */ = {isa = PBXBuildFile; fileRef = 0ADF3B051E0A586500AE29FE /* LaunchScreen.storyboard */; };
		0ADF3B121E0A586500AE29FE /* ForwardingTargetTests.m in Sources */ = {isa = PBXBuildFile; fileRef = 0ADF3B111E0A586500AE29FE /* ForwardingTargetTests.m */; };
		0ADF3B1D1E0A586600AE29FE /* ForwardingTargetUITests.m in Sources */ = {isa = PBXBuildFile; fileRef = 0ADF3B1C1E0A586600AE29FE /* ForwardingTargetUITests.m */; };
		0ADF3B2C1E0A588200AE29FE /* CA.m in Sources */ = {isa = PBXBuildFile; fileRef = 0ADF3B2B1E0A588200AE29FE /* CA.m */; };
/* End PBXBuildFile section */

/* Begin PBXContainerItemProxy section */
		0ADF3B0E1E0A586500AE29FE /* PBXContainerItemProxy */ = {
			isa = PBXContainerItemProxy;
			containerPortal = 0ADF3AEC1E0A586500AE29FE /* Project object */;
			proxyType = 1;
			remoteGlobalIDString = 0ADF3AF31E0A586500AE29FE;
			remoteInfo = ForwardingTarget;
		};
		0ADF3B191E0A586600AE29FE /* PBXContainerItemProxy */ = {
			isa = PBXContainerItemProxy;
			containerPortal = 0ADF3AEC1E0A586500AE29FE /* Project object */;
			proxyType = 1;
			remoteGlobalIDString = 0ADF3AF31E0A586500AE29FE;
			remoteInfo = ForwardingTarget;
		};
/* End PBXContainerItemProxy section */

/* Begin PBXFileReference section */
		0ADF3AF41E0A586500AE29FE /* ForwardingTarget.app */ = {isa = PBXFileReference; explicitFileType = wrapper.application; includeInIndex = 0; path = ForwardingTarget.app; sourceTree = BUILT_PRODUCTS_DIR; };
		0ADF3AF81E0A586500AE29FE /* main.m */ = {isa = PBXFileReference; lastKnownFileType = sourcecode.c.objc; path = main.m; sourceTree = "<group>"; };
		0ADF3AFA1E0A586500AE29FE /* AppDelegate.h */ = {isa = PBXFileReference; lastKnownFileType = sourcecode.c.h; path = AppDelegate.h; sourceTree = "<group>"; };
		0ADF3AFB1E0A586500AE29FE /* AppDelegate.m */ = {isa = PBXFileReference; lastKnownFileType = sourcecode.c.objc; path = AppDelegate.m; sourceTree = "<group>"; };
		0ADF3AFD1E0A586500AE29FE /* ViewController.h */ = {isa = PBXFileReference; lastKnownFileType = sourcecode.c.h; path = ViewController.h; sourceTree = "<group>"; };
		0ADF3AFE1E0A586500AE29FE /* ViewController.m */ = {isa = PBXFileReference; lastKnownFileType = sourcecode.c.objc; path = ViewController.m; sourceTree = "<group>"; };
		0ADF3B011E0A586500AE29FE /* Base */ = {isa = PBXFileReference; lastKnownFileType = file.storyboard; name = Base; path = Base.lproj/Main.storyboard; sourceTree = "<group>"; };
		0ADF3B031E0A586500AE29FE /* Assets.xcassets */ = {isa = PBXFileReference; lastKnownFileType = folder.assetcatalog; path = Assets.xcassets; sourceTree = "<group>"; };
		0ADF3B061E0A586500AE29FE /* Base */ = {isa = PBXFileReference; lastKnownFileType = file.storyboard; name = Base; path = Base.lproj/LaunchScreen.storyboard; sourceTree = "<group>"; };
		0ADF3B081E0A586500AE29FE /* Info.plist */ = {isa = PBXFileReference; lastKnownFileType = text.plist.xml; path = Info.plist; sourceTree = "<group>"; };
		0ADF3B0D1E0A586500AE29FE /* ForwardingTargetTests.xctest */ = {isa = PBXFileReference; explicitFileType = wrapper.cfbundle; includeInIndex = 0; path = ForwardingTargetTests.xctest; sourceTree = BUILT_PRODUCTS_DIR; };
		0ADF3B111E0A586500AE29FE /* ForwardingTargetTests.m */ = {isa = PBXFileReference; lastKnownFileType = sourcecode.c.objc; path = ForwardingTargetTests.m; sourceTree = "<group>"; };
		0ADF3B131E0A586500AE29FE /* Info.plist */ = {isa = PBXFileReference; lastKnownFileType = text.plist.xml; path = Info.plist; sourceTree = "<group>"; };
		0ADF3B181E0A586600AE29FE /* ForwardingTargetUITests.xctest */ = {isa = PBXFileReference; explicitFileType = wrapper.cfbundle; includeInIndex = 0; path = ForwardingTargetUITests.xctest; sourceTree = BUILT_PRODUCTS_DIR; };
		0ADF3B1C1E0A586600AE29FE /* ForwardingTargetUITests.m */ = {isa = PBXFileReference; lastKnownFileType = sourcecode.c.objc; path = ForwardingTargetUITests.m; sourceTree = "<group>"; };
		0ADF3B1E1E0A586600AE29FE /* Info.plist */ = {isa = PBXFileReference; lastKnownFileType = text.plist.xml; path = Info.plist; sourceTree = "<group>"; };
		0ADF3B2A1E0A588200AE29FE /* CA.h */ = {isa = PBXFileReference; fileEncoding = 4; lastKnownFileType = sourcecode.c.h; path = CA.h; sourceTree = "<group>"; };
		0ADF3B2B1E0A588200AE29FE /* CA.m */ = {isa = PBXFileReference; fileEncoding = 4; lastKnownFileType = sourcecode.c.objc; path = CA.m; sourceTree = "<group>"; };
/* End PBXFileReference section */

/* Begin PBXFrameworksBuildPhase section */
		0ADF3AF11E0A586500AE29FE /* Frameworks */ = {
			isa = PBXFrameworksBuildPhase;
			buildActionMask = 2147483647;
			files = (
			);
			runOnlyForDeploymentPostprocessing = 0;
		};
		0ADF3B0A1E0A586500AE29FE /* Frameworks */ = {
			isa = PBXFrameworksBuildPhase;
			buildActionMask = 2147483647;
			files = (
			);
			runOnlyForDeploymentPostprocessing = 0;
		};
		0ADF3B151E0A586600AE29FE /* Frameworks */ = {
			isa = PBXFrameworksBuildPhase;
			buildActionMask = 2147483647;
			files = (
			);
			runOnlyForDeploymentPostprocessing = 0;
		};
/* End PBXFrameworksBuildPhase section */

/* Begin PBXGroup section */
		0ADF3AEB1E0A586500AE29FE = {
			isa = PBXGroup;
			children = (
				0ADF3AF61E0A586500AE29FE /* ForwardingTarget */,
				0ADF3B101E0A586500AE29FE /* ForwardingTargetTests */,
				0ADF3B1B1E0A586600AE29FE /* ForwardingTargetUITests */,
				0ADF3AF51E0A586500AE29FE /* Products */,
			);
			sourceTree = "<group>";
		};
		0ADF3AF51E0A586500AE29FE /* Products */ = {
			isa = PBXGroup;
			children = (
				0ADF3AF41E0A586500AE29FE /* ForwardingTarget.app */,
				0ADF3B0D1E0A586500AE29FE /* ForwardingTargetTests.xctest */,
				0ADF3B181E0A586600AE29FE /* ForwardingTargetUITests.xctest */,
			);
			name = Products;
			sourceTree = "<group>";
		};
		0ADF3AF61E0A586500AE29FE /* ForwardingTarget */ = {
			isa = PBXGroup;
			children = (
				0ADF3AFA1E0A586500AE29FE /* AppDelegate.h */,
				0ADF3AFB1E0A586500AE29FE /* AppDelegate.m */,
				0ADF3AFD1E0A586500AE29FE /* ViewController.h */,
				0ADF3AFE1E0A586500AE29FE /* ViewController.m */,
				0ADF3B001E0A586500AE29FE /* Main.storyboard */,
				0ADF3B031E0A586500AE29FE /* Assets.xcassets */,
				0ADF3B051E0A586500AE29FE /* LaunchScreen.storyboard */,
				0ADF3B081E0A586500AE29FE /* Info.plist */,
				0ADF3AF71E0A586500AE29FE /* Supporting Files */,
				0ADF3B2A1E0A588200AE29FE /* CA.h */,
				0ADF3B2B1E0A588200AE29FE /* CA.m */,
			);
			path = ForwardingTarget;
			sourceTree = "<group>";
		};
		0ADF3AF71E0A586500AE29FE /* Supporting Files */ = {
			isa = PBXGroup;
			children = (
				0ADF3AF81E0A586500AE29FE /* main.m */,
			);
			name = "Supporting Files";
			sourceTree = "<group>";
		};
		0ADF3B101E0A586500AE29FE /* ForwardingTargetTests */ = {
			isa = PBXGroup;
			children = (
				0ADF3B111E0A586500AE29FE /* ForwardingTargetTests.m */,
				0ADF3B131E0A586500AE29FE /* Info.plist */,
			);
			path = ForwardingTargetTests;
			sourceTree = "<group>";
		};
		0ADF3B1B1E0A586600AE29FE /* ForwardingTargetUITests */ = {
			isa = PBXGroup;
			children = (
				0ADF3B1C1E0A586600AE29FE /* ForwardingTargetUITests.m */,
				0ADF3B1E1E0A586600AE29FE /* Info.plist */,
			);
			path = ForwardingTargetUITests;
			sourceTree = "<group>";
		};
/* End PBXGroup section */

/* Begin PBXNativeTarget section */
		0ADF3AF31E0A586500AE29FE /* ForwardingTarget */ = {
			isa = PBXNativeTarget;
			buildConfigurationList = 0ADF3B211E0A586600AE29FE /* Build configuration list for PBXNativeTarget "ForwardingTarget" */;
			buildPhases = (
				0ADF3AF01E0A586500AE29FE /* Sources */,
				0ADF3AF11E0A586500AE29FE /* Frameworks */,
				0ADF3AF21E0A586500AE29FE /* Resources */,
			);
			buildRules = (
			);
			dependencies = (
			);
			name = ForwardingTarget;
			productName = ForwardingTarget;
			productReference = 0ADF3AF41E0A586500AE29FE /* ForwardingTarget.app */;
			productType = "com.apple.product-type.application";
		};
		0ADF3B0C1E0A586500AE29FE /* ForwardingTargetTests */ = {
			isa = PBXNativeTarget;
			buildConfigurationList = 0ADF3B241E0A586600AE29FE /* Build configuration list for PBXNativeTarget "ForwardingTargetTests" */;
			buildPhases = (
				0ADF3B091E0A586500AE29FE /* Sources */,
				0ADF3B0A1E0A586500AE29FE /* Frameworks */,
				0ADF3B0B1E0A586500AE29FE /* Resources */,
			);
			buildRules = (
			);
			dependencies = (
				0ADF3B0F1E0A586500AE29FE /* PBXTargetDependency */,
			);
			name = ForwardingTargetTests;
			productName = ForwardingTargetTests;
			productReference = 0ADF3B0D1E0A586500AE29FE /* ForwardingTargetTests.xctest */;
			productType = "com.apple.product-type.bundle.unit-test";
		};
		0ADF3B171E0A586600AE29FE /* ForwardingTargetUITests */ = {
			isa = PBXNativeTarget;
			buildConfigurationList = 0ADF3B271E0A586600AE29FE /* Build configuration list for PBXNativeTarget "ForwardingTargetUITests" */;
			buildPhases = (
				0ADF3B141E0A586600AE29FE /* Sources */,
				0ADF3B151E0A586600AE29FE /* Frameworks */,
				0ADF3B161E0A586600AE29FE /* Resources */,
			);
			buildRules = (
			);
			dependencies = (
				0ADF3B1A1E0A586600AE29FE /* PBXTargetDependency */,
			);
			name = ForwardingTargetUITests;
			productName = ForwardingTargetUITests;
			productReference = 0ADF3B181E0A586600AE29FE /* ForwardingTargetUITests.xctest */;
			productType = "com.apple.product-type.bundle.ui-testing";
		};
/* End PBXNativeTarget section */

/* Begin PBXProject section */
		0ADF3AEC1E0A586500AE29FE /* Project object */ = {
			isa = PBXProject;
			attributes = {
				LastUpgradeCheck = 0800;
				ORGANIZATIONNAME = fengchaoedu;
				TargetAttributes = {
					0ADF3AF31E0A586500AE29FE = {
						CreatedOnToolsVersion = 8.0;
						DevelopmentTeam = G3A6PU585B;
						ProvisioningStyle = Automatic;
					};
					0ADF3B0C1E0A586500AE29FE = {
						CreatedOnToolsVersion = 8.0;
						DevelopmentTeam = G3A6PU585B;
						ProvisioningStyle = Automatic;
						TestTargetID = 0ADF3AF31E0A586500AE29FE;
					};
					0ADF3B171E0A586600AE29FE = {
						CreatedOnToolsVersion = 8.0;
						DevelopmentTeam = G3A6PU585B;
						ProvisioningStyle = Automatic;
						TestTargetID = 0ADF3AF31E0A586500AE29FE;
					};
				};
			};
			buildConfigurationList = 0ADF3AEF1E0A586500AE29FE /* Build configuration list for PBXProject "ForwardingTarget" */;
			compatibilityVersion = "Xcode 3.2";
			developmentRegion = English;
			hasScannedForEncodings = 0;
			knownRegions = (
				en,
				Base,
			);
			mainGroup = 0ADF3AEB1E0A586500AE29FE;
			productRefGroup = 0ADF3AF51E0A586500AE29FE /* Products */;
			projectDirPath = "";
			projectRoot = "";
			targets = (
				0ADF3AF31E0A586500AE29FE /* ForwardingTarget */,
				0ADF3B0C1E0A586500AE29FE /* ForwardingTargetTests */,
				0ADF3B171E0A586600AE29FE /* ForwardingTargetUITests */,
			);
		};
/* End PBXProject section */

/* Begin PBXResourcesBuildPhase section */
		0ADF3AF21E0A586500AE29FE /* Resources */ = {
			isa = PBXResourcesBuildPhase;
			buildActionMask = 2147483647;
			files = (
				0ADF3B071E0A586500AE29FE /* LaunchScreen.storyboard in Resources */,
				0ADF3B041E0A586500AE29FE /* Assets.xcassets in Resources */,
				0ADF3B021E0A586500AE29FE /* Main.storyboard in Resources */,
			);
			runOnlyForDeploymentPostprocessing = 0;
		};
		0ADF3B0B1E0A586500AE29FE /* Resources */ = {
			isa = PBXResourcesBuildPhase;
			buildActionMask = 2147483647;
			files = (
			);
			runOnlyForDeploymentPostprocessing = 0;
		};
		0ADF3B161E0A586600AE29FE /* Resources */ = {
			isa = PBXResourcesBuildPhase;
			buildActionMask = 2147483647;
			files = (
			);
			runOnlyForDeploymentPostprocessing = 0;
		};
/* End PBXResourcesBuildPhase section */

/* Begin PBXSourcesBuildPhase section */
		0ADF3AF01E0A586500AE29FE /* Sources */ = {
			isa = PBXSourcesBuildPhase;
			buildActionMask = 2147483647;
			files = (
				0ADF3AFF1E0A586500AE29FE /* ViewController.m in Sources */,
				0ADF3AFC1E0A586500AE29FE /* AppDelegate.m in Sources */,
				0ADF3AF91E0A586500AE29FE /* main.m in Sources */,
				0ADF3B2C1E0A588200AE29FE /* CA.m in Sources */,
			);
			runOnlyForDeploymentPostprocessing = 0;
		};
		0ADF3B091E0A586500AE29FE /* Sources */ = {
			isa = PBXSourcesBuildPhase;
			buildActionMask = 2147483647;
			files = (
				0ADF3B121E0A586500AE29FE /* ForwardingTargetTests.m in Sources */,
			);
			runOnlyForDeploymentPostprocessing = 0;
		};
		0ADF3B141E0A586600AE29FE /* Sources */ = {
			isa = PBXSourcesBuildPhase;
			buildActionMask = 2147483647;
			files = (
				0ADF3B1D1E0A586600AE29FE /* ForwardingTargetUITests.m in Sources */,
			);
			runOnlyForDeploymentPostprocessing = 0;
		};
/* End PBXSourcesBuildPhase section */

/* Begin PBXTargetDependency section */
		0ADF3B0F1E0A586500AE29FE /* PBXTargetDependency */ = {
			isa = PBXTargetDependency;
			target = 0ADF3AF31E0A586500AE29FE /* ForwardingTarget */;
			targetProxy = 0ADF3B0E1E0A586500AE29FE /* PBXContainerItemProxy */;
		};
		0ADF3B1A1E0A586600AE29FE /* PBXTargetDependency */ = {
			isa = PBXTargetDependency;
			target = 0ADF3AF31E0A586500AE29FE /* ForwardingTarget */;
			targetProxy = 0ADF3B191E0A586600AE29FE /* PBXContainerItemProxy */;
		};
/* End PBXTargetDependency section */

/* Begin PBXVariantGroup section */
		0ADF3B001E0A586500AE29FE /* Main.storyboard */ = {
			isa = PBXVariantGroup;
			children = (
				0ADF3B011E0A586500AE29FE /* Base */,
			);
			name = Main.storyboard;
			sourceTree = "<group>";
		};
		0ADF3B051E0A586500AE29FE /* LaunchScreen.storyboard */ = {
			isa = PBXVariantGroup;
			children = (
				0ADF3B061E0A586500AE29FE /* Base */,
			);
			name = LaunchScreen.storyboard;
			sourceTree = "<group>";
		};
/* End PBXVariantGroup section */

/* Begin XCBuildConfiguration section */
		0ADF3B1F1E0A586600AE29FE /* Debug */ = {
			isa = XCBuildConfiguration;
			buildSettings = {
				ALWAYS_SEARCH_USER_PATHS = NO;
				CLANG_ANALYZER_NONNULL = YES;
				CLANG_CXX_LANGUAGE_STANDARD = "gnu++0x";
				CLANG_CXX_LIBRARY = "libc++";
				CLANG_ENABLE_MODULES = YES;
				CLANG_ENABLE_OBJC_ARC = YES;
				CLANG_WARN_BOOL_CONVERSION = YES;
				CLANG_WARN_CONSTANT_CONVERSION = YES;
				CLANG_WARN_DIRECT_OBJC_ISA_USAGE = YES_ERROR;
				CLANG_WARN_DOCUMENTATION_COMMENTS = YES;
				CLANG_WARN_EMPTY_BODY = YES;
				CLANG_WARN_ENUM_CONVERSION = YES;
				CLANG_WARN_INFINITE_RECURSION = YES;
				CLANG_WARN_INT_CONVERSION = YES;
				CLANG_WARN_OBJC_ROOT_CLASS = YES_ERROR;
				CLANG_WARN_SUSPICIOUS_MOVES = YES;
				CLANG_WARN_UNREACHABLE_CODE = YES;
				CLANG_WARN__DUPLICATE_METHOD_MATCH = YES;
				"CODE_SIGN_IDENTITY[sdk=iphoneos*]" = "iPhone Developer";
				COPY_PHASE_STRIP = NO;
				DEBUG_INFORMATION_FORMAT = dwarf;
				ENABLE_STRICT_OBJC_MSGSEND = YES;
				ENABLE_TESTABILITY = YES;
				GCC_C_LANGUAGE_STANDARD = gnu99;
				GCC_DYNAMIC_NO_PIC = NO;
				GCC_NO_COMMON_BLOCKS = YES;
				GCC_OPTIMIZATION_LEVEL = 0;
				GCC_PREPROCESSOR_DEFINITIONS = (
					"DEBUG=1",
					"$(inherited)",
				);
				GCC_WARN_64_TO_32_BIT_CONVERSION = YES;
				GCC_WARN_ABOUT_RETURN_TYPE = YES_ERROR;
				GCC_WARN_UNDECLARED_SELECTOR = YES;
				GCC_WARN_UNINITIALIZED_AUTOS = YES_AGGRESSIVE;
				GCC_WARN_UNUSED_FUNCTION = YES;
				GCC_WARN_UNUSED_VARIABLE = YES;
				IPHONEOS_DEPLOYMENT_TARGET = 10.0;
				MTL_ENABLE_DEBUG_INFO = YES;
				ONLY_ACTIVE_ARCH = YES;
				SDKROOT = iphoneos;
				TARGETED_DEVICE_FAMILY = "1,2";
			};
			name = Debug;
		};
		0ADF3B201E0A586600AE29FE /* Release */ = {
			isa = XCBuildConfiguration;
			buildSettings = {
				ALWAYS_SEARCH_USER_PATHS = NO;
				CLANG_ANALYZER_NONNULL = YES;
				CLANG_CXX_LANGUAGE_STANDARD = "gnu++0x";
				CLANG_CXX_LIBRARY = "libc++";
				CLANG_ENABLE_MODULES = YES;
				CLANG_ENABLE_OBJC_ARC = YES;
				CLANG_WARN_BOOL_CONVERSION = YES;
				CLANG_WARN_CONSTANT_CONVERSION = YES;
				CLANG_WARN_DIRECT_OBJC_ISA_USAGE = YES_ERROR;
				CLANG_WARN_DOCUMENTATION_COMMENTS = YES;
				CLANG_WARN_EMPTY_BODY = YES;
				CLANG_WARN_ENUM_CONVERSION = YES;
				CLANG_WARN_INFINITE_RECURSION = YES;
				CLANG_WARN_INT_CONVERSION = YES;
				CLANG_WARN_OBJC_ROOT_CLASS = YES_ERROR;
				CLANG_WARN_SUSPICIOUS_MOVES = YES;
				CLANG_WARN_UNREACHABLE_CODE = YES;
				CLANG_WARN__DUPLICATE_METHOD_MATCH = YES;
				"CODE_SIGN_IDENTITY[sdk=iphoneos*]" = "iPhone Developer";
				COPY_PHASE_STRIP = NO;
				DEBUG_INFORMATION_FORMAT = "dwarf-with-dsym";
				ENABLE_NS_ASSERTIONS = NO;
				ENABLE_STRICT_OBJC_MSGSEND = YES;
				GCC_C_LANGUAGE_STANDARD = gnu99;
				GCC_NO_COMMON_BLOCKS = YES;
				GCC_WARN_64_TO_32_BIT_CONVERSION = YES;
				GCC_WARN_ABOUT_RETURN_TYPE = YES_ERROR;
				GCC_WARN_UNDECLARED_SELECTOR = YES;
				GCC_WARN_UNINITIALIZED_AUTOS = YES_AGGRESSIVE;
				GCC_WARN_UNUSED_FUNCTION = YES;
				GCC_WARN_UNUSED_VARIABLE = YES;
				IPHONEOS_DEPLOYMENT_TARGET = 10.0;
				MTL_ENABLE_DEBUG_INFO = NO;
				SDKROOT = iphoneos;
				TARGETED_DEVICE_FAMILY = "1,2";
				VALIDATE_PRODUCT = YES;
			};
			name = Release;
		};
		0ADF3B221E0A586600AE29FE /* Debug */ = {
			isa = XCBuildConfiguration;
			buildSettings = {
				ASSETCATALOG_COMPILER_APPICON_NAME = AppIcon;
				DEVELOPMENT_TEAM = G3A6PU585B;
				INFOPLIST_FILE = ForwardingTarget/Info.plist;
				LD_RUNPATH_SEARCH_PATHS = "$(inherited) @executable_path/Frameworks";
				PRODUCT_BUNDLE_IDENTIFIER = club.itedu.ForwardingTarget;
				PRODUCT_NAME = "$(TARGET_NAME)";
			};
			name = Debug;
		};
		0ADF3B231E0A586600AE29FE /* Release */ = {
			isa = XCBuildConfiguration;
			buildSettings = {
				ASSETCATALOG_COMPILER_APPICON_NAME = AppIcon;
				DEVELOPMENT_TEAM = G3A6PU585B;
				INFOPLIST_FILE = ForwardingTarget/Info.plist;
				LD_RUNPATH_SEARCH_PATHS = "$(inherited) @executable_path/Frameworks";
				PRODUCT_BUNDLE_IDENTIFIER = club.itedu.ForwardingTarget;
				PRODUCT_NAME = "$(TARGET_NAME)";
			};
			name = Release;
		};
		0ADF3B251E0A586600AE29FE /* Debug */ = {
			isa = XCBuildConfiguration;
			buildSettings = {
				BUNDLE_LOADER = "$(TEST_HOST)";
				DEVELOPMENT_TEAM = G3A6PU585B;
				INFOPLIST_FILE = ForwardingTargetTests/Info.plist;
				LD_RUNPATH_SEARCH_PATHS = "$(inherited) @executable_path/Frameworks @loader_path/Frameworks";
				PRODUCT_BUNDLE_IDENTIFIER = club.itedu.ForwardingTargetTests;
				PRODUCT_NAME = "$(TARGET_NAME)";
				TEST_HOST = "$(BUILT_PRODUCTS_DIR)/ForwardingTarget.app/ForwardingTarget";
			};
			name = Debug;
		};
		0ADF3B261E0A586600AE29FE /* Release */ = {
			isa = XCBuildConfiguration;
			buildSettings = {
				BUNDLE_LOADER = "$(TEST_HOST)";
				DEVELOPMENT_TEAM = G3A6PU585B;
				INFOPLIST_FILE = ForwardingTargetTests/Info.plist;
				LD_RUNPATH_SEARCH_PATHS = "$(inherited) @executable_path/Frameworks @loader_path/Frameworks";
				PRODUCT_BUNDLE_IDENTIFIER = club.itedu.ForwardingTargetTests;
				PRODUCT_NAME = "$(TARGET_NAME)";
				TEST_HOST = "$(BUILT_PRODUCTS_DIR)/ForwardingTarget.app/ForwardingTarget";
			};
			name = Release;
		};
		0ADF3B281E0A586600AE29FE /* Debug */ = {
			isa = XCBuildConfiguration;
			buildSettings = {
				DEVELOPMENT_TEAM = G3A6PU585B;
				INFOPLIST_FILE = ForwardingTargetUITests/Info.plist;
				LD_RUNPATH_SEARCH_PATHS = "$(inherited) @executable_path/Frameworks @loader_path/Frameworks";
				PRODUCT_BUNDLE_IDENTIFIER = club.itedu.ForwardingTargetUITests;
				PRODUCT_NAME = "$(TARGET_NAME)";
				TEST_TARGET_NAME = ForwardingTarget;
			};
			name = Debug;
		};
		0ADF3B291E0A586600AE29FE /* Release */ = {
			isa = XCBuildConfiguration;
			buildSettings = {
				DEVELOPMENT_TEAM = G3A6PU585B;
				INFOPLIST_FILE = ForwardingTargetUITests/Info.plist;
				LD_RUNPATH_SEARCH_PATHS = "$(inherited) @executable_path/Frameworks @loader_path/Frameworks";
				PRODUCT_BUNDLE_IDENTIFIER = club.itedu.ForwardingTargetUITests;
				PRODUCT_NAME = "$(TARGET_NAME)";
				TEST_TARGET_NAME = ForwardingTarget;
			};
			name = Release;
		};
/* End XCBuildConfiguration section */

/* Begin XCConfigurationList section */
		0ADF3AEF1E0A586500AE29FE /* Build configuration list for PBXProject "ForwardingTarget" */ = {
			isa = XCConfigurationList;
			buildConfigurations = (
				0ADF3B1F1E0A586600AE29FE /* Debug */,
				0ADF3B201E0A586600AE29FE /* Release */,
			);
			defaultConfigurationIsVisible = 0;
			defaultConfigurationName = Release;
		};
		0ADF3B211E0A586600AE29FE /* Build configuration list for PBXNativeTarget "ForwardingTarget" */ = {
			isa = XCConfigurationList;
			buildConfigurations = (
				0ADF3B221E0A586600AE29FE /* Debug */,
				0ADF3B231E0A586600AE29FE /* Release */,
			);
			defaultConfigurationIsVisible = 0;
		};
		0ADF3B241E0A586600AE29FE /* Build configuration list for PBXNativeTarget "ForwardingTargetTests" */ = {
			isa = XCConfigurationList;
			buildConfigurations = (
				0ADF3B251E0A586600AE29FE /* Debug */,
				0ADF3B261E0A586600AE29FE /* Release */,
			);
			defaultConfigurationIsVisible = 0;
		};
		0ADF3B271E0A586600AE29FE /* Build configuration list for PBXNativeTarget "ForwardingTargetUITests" */ = {
			isa = XCConfigurationList;
			buildConfigurations = (
				0ADF3B281E0A586600AE29FE /* Debug */,
				0ADF3B291E0A586600AE29FE /* Release */,
			);
			defaultConfigurationIsVisible = 0;
		};
/* End XCConfigurationList section */
	};
	rootObject = 0ADF3AEC1E0A586500AE29FE /* Project object */;
}
